
Microsoft Visual Studio Solution File, Format Version 12.00
# Visual Studio Version 16
VisualStudioVersion = 16.0.32428.217
MinimumVisualStudioVersion = 10.0.40219.1
Project("{FAE04EC0-301F-11D3-BF4B-00C04F79EFBC}") = "ImageProcessor", "ImageProcessor.csproj", "{4728CD70-6F40-4978-96BD-2B16820CD51F}"
EndProject
Global
	GlobalSection(SolutionConfigurationPlatforms) = preSolution
		Debug|Any CPU = Debug|Any CPU
		Release|Any CPU = Release|Any CPU
	EndGlobalSection
	GlobalSection(ProjectConfigurationPlatforms) = postSolution
		{4728CD70-6F40-4978-96BD-2B16820CD51F}.Debug|Any CPU.ActiveCfg = Debug|Any CPU
		{4728CD70-6F40-4978-96BD-2B16820CD51F}.Debug|Any CPU.Build.0 = Debug|Any CPU
		{4728CD70-6F40-4978-96BD-2B16820CD51F}.Release|Any CPU.ActiveCfg = Release|Any CPU
		{4728CD70-6F40-4978-96BD-2B16820CD51F}.Release|Any CPU.Build.0 = Release|Any CPU
	EndGlobalSection
	GlobalSection(SolutionProperties) = preSolution
		HideSolutionNode = FALSE
	EndGlobalSection
	GlobalSection(ExtensibilityGlobals) = postSolution
		SolutionGuid = {7620683B-DD65-45B4-A9A2-E70B57D11291}
	EndGlobalSection
EndGlobal
